{
  "name": "chess-openings",
  "lockfileVersion": 3,
  "requires": true,
  "packages": {
    "": {
      "dependencies": {
        "@chess-openings/eco.json": "^2.0.4"
      }
    },
    "node_modules/@chess-openings/eco.json": {
      "version": "2.0.4",
      "resolved": "https://registry.npmjs.org/@chess-openings/eco.json/-/eco.json-2.0.4.tgz",
      "integrity": "sha512-Dmng20kwYAGp2UNCI3GtwJQMy2uyxPzy7CPEr47pIT/AfSIeyad7C2zW4WXMOrkdGRuDTtdt3jyvrJWm+DJFGQ==",
      "engines": {
        "node": ">=18.0.0"
      }
    }
  }
}
